
Microsoft Visual Studio Solution File, Format Version 12.00
# Visual Studio Version 16
VisualStudioVersion = 16.0.29326.143
MinimumVisualStudioVersion = 10.0.40219.1
Project("{FAE04EC0-301F-11D3-BF4B-00C04F79EFBC}") = "TheRoot", "TheRoot\TheRoot.csproj", "{046B9B2F-07E0-45CA-89A0-33F2391C796B}"
EndProject
Project("{54435603-DBB4-11D2-8724-00A0C9A8B90C}") = "SendMail", "SendMail\SendMail.vdproj", "{C7BF79D3-3B4B-4576-8186-2DD9E91863B0}"
EndProject
Global
	GlobalSection(SolutionConfigurationPlatforms) = preSolution
		Debug|Any CPU = Debug|Any CPU
		Release|Any CPU = Release|Any CPU
	EndGlobalSection
	GlobalSection(ProjectConfigurationPlatforms) = postSolution
		{046B9B2F-07E0-45CA-89A0-33F2391C796B}.Debug|Any CPU.ActiveCfg = Debug|Any CPU
		{046B9B2F-07E0-45CA-89A0-33F2391C796B}.Debug|Any CPU.Build.0 = Debug|Any CPU
		{046B9B2F-07E0-45CA-89A0-33F2391C796B}.Release|Any CPU.ActiveCfg = Release|Any CPU
		{046B9B2F-07E0-45CA-89A0-33F2391C796B}.Release|Any CPU.Build.0 = Release|Any CPU
		{C7BF79D3-3B4B-4576-8186-2DD9E91863B0}.Debug|Any CPU.ActiveCfg = Debug
		{C7BF79D3-3B4B-4576-8186-2DD9E91863B0}.Release|Any CPU.ActiveCfg = Release
	EndGlobalSection
	GlobalSection(SolutionProperties) = preSolution
		HideSolutionNode = FALSE
	EndGlobalSection
	GlobalSection(ExtensibilityGlobals) = postSolution
		SolutionGuid = {C8B6E32C-D2FC-4FBB-AD95-05AC88018700}
	EndGlobalSection
EndGlobal
